
Microsoft Visual Studio Solution File, Format Version 12.00
# Visual Studio Version 16
VisualStudioVersion = 16.0.31019.35
MinimumVisualStudioVersion = 10.0.40219.1
Project("{FAE04EC0-301F-11D3-BF4B-00C04F79EFBC}") = "Caesar Cipher", "Caesar Cipher\Caesar Cipher.csproj", "{C685F321-B0D5-4C38-9959-4284D2C8ADA2}"
EndProject
Project("{FAE04EC0-301F-11D3-BF4B-00C04F79EFBC}") = "Caesar Cipher.UnitTests", "Caesar Cipher.UnitTests\Caesar Cipher.UnitTests.csproj", "{F5862CD5-ACA2-436B-8CA7-876B170289E1}"
EndProject
Global
	GlobalSection(SolutionConfigurationPlatforms) = preSolution
		Debug|Any CPU = Debug|Any CPU
		Release|Any CPU = Release|Any CPU
	EndGlobalSection
	GlobalSection(ProjectConfigurationPlatforms) = postSolution
		{C685F321-B0D5-4C38-9959-4284D2C8ADA2}.Debug|Any CPU.ActiveCfg = Debug|Any CPU
		{C685F321-B0D5-4C38-9959-4284D2C8ADA2}.Debug|Any CPU.Build.0 = Debug|Any CPU
		{C685F321-B0D5-4C38-9959-4284D2C8ADA2}.Release|Any CPU.ActiveCfg = Release|Any CPU
		{C685F321-B0D5-4C38-9959-4284D2C8ADA2}.Release|Any CPU.Build.0 = Release|Any CPU
		{F5862CD5-ACA2-436B-8CA7-876B170289E1}.Debug|Any CPU.ActiveCfg = Debug|Any CPU
		{F5862CD5-ACA2-436B-8CA7-876B170289E1}.Debug|Any CPU.Build.0 = Debug|Any CPU
		{F5862CD5-ACA2-436B-8CA7-876B170289E1}.Release|Any CPU.ActiveCfg = Release|Any CPU
		{F5862CD5-ACA2-436B-8CA7-876B170289E1}.Release|Any CPU.Build.0 = Release|Any CPU
	EndGlobalSection
	GlobalSection(SolutionProperties) = preSolution
		HideSolutionNode = FALSE
	EndGlobalSection
	GlobalSection(ExtensibilityGlobals) = postSolution
		SolutionGuid = {40A108D2-1D6E-4770-8CC9-A70A3E94DB73}
	EndGlobalSection
EndGlobal
